lockfileVersion: '9.0'

settings:
  autoInstallPeers: true
  excludeLinksFromLockfile: false

importers:

  .:
    dependencies:
      '@silver-zepp/easy-storage':
        specifier: ^2.0.3
        version: 2.0.3
      '@x1a0ma17x/zeppos-fx':
        specifier: 2.0.3
        version: 2.0.3
      '@x1a0ma17x/zeppos-reactive':
        specifier: ^1.0.2
        version: 1.0.2
      '@zeppos/zml':
        specifier: ^0.0.43
        version: 0.0.43
      crypto-es:
        specifier: ^3.1.2
        version: 3.1.2
    devDependencies:
      '@zeppos/device-types':
        specifier: ^3.0.0
        version: 3.0.1

packages:

  '@silver-zepp/easy-storage@2.0.3':
    resolution: {integrity: sha512-exGTAny68GnoikEPWy0uQZlOY3Oh8lFdbsR835gvO43LqQ5q+MqxZX2LILK9SgiCRF0bAgVv7//sVFnALGIlQg==}

  '@x1a0ma17x/zeppos-fx@2.0.3':
    resolution: {integrity: sha512-mhZhlWRZjNXyhNrKHHjtp4Z9rOIQhDd5SxDoPIqVwdy8tialvAAe4qjxCcB+tAMYkLgs6CUj9uDmq7ZQZnxwfQ==}

  '@x1a0ma17x/zeppos-reactive@1.0.2':
    resolution: {integrity: sha512-zIV/hda4S0zOIhQB/Ya1wYYeNelLlcZ20BCBd5PgDtgvovohY6Nys62utrUAUbJKfZdRxhfLah/ra8I+rzWHlg==}

  '@zeppos/device-types@3.0.1':
    resolution: {integrity: sha512-7rUsKLFiTdwIU3NarEKbEoQjr2X1kE6/8ra+mM3+zXDnwhELPowwC4Sl5UGS71PjTa9Rb+s4WygOHkjeEmJcoA==}

  '@zeppos/zml@0.0.43':
    resolution: {integrity: sha512-3pmyT9qbNwcEh6Vu2khH+1OEeYInYm6zZWVQsp2Jz+UrvGo/xxp9cbqjfXiOh4LvM0b3p560tBWFtlROwKbL0w==}

  crypto-es@3.1.2:
    resolution: {integrity: sha512-k0z+a+xLlJb+JUFxu2Wb+wWnlZ4lP96L8Mq/D5XLMy9GB6qsR1ZvRmav++1mFjBzXjNnBM2aHCJZptzyvpzWIg==}
    engines: {node: '>=18.0.0'}

snapshots:

  '@silver-zepp/easy-storage@2.0.3': {}

  '@x1a0ma17x/zeppos-fx@2.0.3': {}

  '@x1a0ma17x/zeppos-reactive@1.0.2': {}

  '@zeppos/device-types@3.0.1': {}

  '@zeppos/zml@0.0.43': {}

  crypto-es@3.1.2: {}
